
Microsoft Visual Studio Solution File, Format Version 12.00
# Visual Studio 15
VisualStudioVersion = 15.0.26430.6
MinimumVisualStudioVersion = 10.0.40219.1
Project("{FAE04EC0-301F-11D3-BF4B-00C04F79EFBC}") = "NewProject", "NewProject\NewProject.csproj", "{78CEDCAD-E128-4350-A36A-F0E4E40655C9}"
EndProject
Project("{FAE04EC0-301F-11D3-BF4B-00C04F79EFBC}") = "TestNewProject.UnitTests", "TestNewProject.UnitTests\TestNewProject.UnitTests.csproj", "{845BC37E-AE66-4187-8A6E-5AE0EE4C28FA}"
EndProject
Global
	GlobalSection(SolutionConfigurationPlatforms) = preSolution
		Debug|Any CPU = Debug|Any CPU
		Release|Any CPU = Release|Any CPU
	EndGlobalSection
	GlobalSection(ProjectConfigurationPlatforms) = postSolution
		{78CEDCAD-E128-4350-A36A-F0E4E40655C9}.Debug|Any CPU.ActiveCfg = Debug|Any CPU
		{78CEDCAD-E128-4350-A36A-F0E4E40655C9}.Debug|Any CPU.Build.0 = Debug|Any CPU
		{78CEDCAD-E128-4350-A36A-F0E4E40655C9}.Release|Any CPU.ActiveCfg = Release|Any CPU
		{78CEDCAD-E128-4350-A36A-F0E4E40655C9}.Release|Any CPU.Build.0 = Release|Any CPU
		{845BC37E-AE66-4187-8A6E-5AE0EE4C28FA}.Debug|Any CPU.ActiveCfg = Debug|Any CPU
		{845BC37E-AE66-4187-8A6E-5AE0EE4C28FA}.Debug|Any CPU.Build.0 = Debug|Any CPU
		{845BC37E-AE66-4187-8A6E-5AE0EE4C28FA}.Release|Any CPU.ActiveCfg = Release|Any CPU
		{845BC37E-AE66-4187-8A6E-5AE0EE4C28FA}.Release|Any CPU.Build.0 = Release|Any CPU
	EndGlobalSection
	GlobalSection(SolutionProperties) = preSolution
		HideSolutionNode = FALSE
	EndGlobalSection
EndGlobal
